// !$*UTF8*$!
{
	archiveVersion = 1;
	classes = {
	};
	objectVersion = 56;
	objects = {

/* Begin PBXBuildFile section */
		9225CFB22ADF5F780036B548 /* MotoAppApp.swift in Sources */ = {isa = PBXBuildFile; fileRef = 9225CFB12ADF5F780036B548 /* MotoAppApp.swift */; };
		9225CFB42ADF5F780036B548 /* ContentView.swift in Sources */ = {isa = PBXBuildFile; fileRef = 9225CFB32ADF5F780036B548 /* ContentView.swift */; };
		9225CFB62ADF5F780036B548 /* Assets.xcassets in Resources */ = {isa = PBXBuildFile; fileRef = 9225CFB52ADF5F780036B548 /* Assets.xcassets */; };
		9225CFB92ADF5F780036B548 /* Preview Assets.xcassets in Resources */ = {isa = PBXBuildFile; fileRef = 9225CFB82ADF5F780036B548 /* Preview Assets.xcassets */; };
		9225CFC32ADF5F780036B548 /* MotoAppTests.swift in Sources */ = {isa = PBXBuildFile; fileRef = 9225CFC22ADF5F780036B548 /* MotoAppTests.swift */; };
		9225CFCD2ADF5F780036B548 /* MotoAppUITests.swift in Sources */ = {isa = PBXBuildFile; fileRef = 9225CFCC2ADF5F780036B548 /* MotoAppUITests.swift */; };
		9225CFCF2ADF5F780036B548 /* MotoAppUITestsLaunchTests.swift in Sources */ = {isa = PBXBuildFile; fileRef = 9225CFCE2ADF5F780036B548 /* MotoAppUITestsLaunchTests.swift */; };
/* End PBXBuildFile section */

/* Begin PBXContainerItemProxy section */
		9225CFBF2ADF5F780036B548 /* PBXContainerItemProxy */ = {
			isa = PBXContainerItemProxy;
			containerPortal = 9225CFA62ADF5F770036B548 /* Project object */;
			proxyType = 1;
			remoteGlobalIDString = 9225CFAD2ADF5F780036B548;
			remoteInfo = MotoApp;
		};
		9225CFC92ADF5F780036B548 /* PBXContainerItemProxy */ = {
			isa = PBXContainerItemProxy;
			containerPortal = 9225CFA62ADF5F770036B548 /* Project object */;
			proxyType = 1;
			remoteGlobalIDString = 9225CFAD2ADF5F780036B548;
			remoteInfo = MotoApp;
		};
/* End PBXContainerItemProxy section */

/* Begin PBXFileReference section */
		9225CFAE2ADF5F780036B548 /* MotoApp.app */ = {isa = PBXFileReference; explicitFileType = wrapper.application; includeInIndex = 0; path = MotoApp.app; sourceTree = BUILT_PRODUCTS_DIR; };
		9225CFB12ADF5F780036B548 /* MotoAppApp.swift */ = {isa = PBXFileReference; lastKnownFileType = sourcecode.swift; path = MotoAppApp.swift; sourceTree = "<group>"; };
		9225CFB32ADF5F780036B548 /* ContentView.swift */ = {isa = PBXFileReference; lastKnownFileType = sourcecode.swift; path = ContentView.swift; sourceTree = "<group>"; };
		9225CFB52ADF5F780036B548 /* Assets.xcassets */ = {isa = PBXFileReference; lastKnownFileType = folder.assetcatalog; path = Assets.xcassets; sourceTree = "<group>"; };
		9225CFB82ADF5F780036B548 /* Preview Assets.xcassets */ = {isa = PBXFileReference; lastKnownFileType = folder.assetcatalog; path = "Preview Assets.xcassets"; sourceTree = "<group>"; };
		9225CFBE2ADF5F780036B548 /* MotoAppTests.xctest */ = {isa = PBXFileReference; explicitFileType = wrapper.cfbundle; includeInIndex = 0; path = MotoAppTests.xctest; sourceTree = BUILT_PRODUCTS_DIR; };
		9225CFC22ADF5F780036B548 /* MotoAppTests.swift */ = {isa = PBXFileReference; lastKnownFileType = sourcecode.swift; path = MotoAppTests.swift; sourceTree = "<group>"; };
		9225CFC82ADF5F780036B548 /* MotoAppUITests.xctest */ = {isa = PBXFileReference; explicitFileType = wrapper.cfbundle; includeInIndex = 0; path = MotoAppUITests.xctest; sourceTree = BUILT_PRODUCTS_DIR; };
		9225CFCC2ADF5F780036B548 /* MotoAppUITests.swift */ = {isa = PBXFileReference; lastKnownFileType = sourcecode.swift; path = MotoAppUITests.swift; sourceTree = "<group>"; };
		9225CFCE2ADF5F780036B548 /* MotoAppUITestsLaunchTests.swift */ = {isa = PBXFileReference; lastKnownFileType = sourcecode.swift; path = MotoAppUITestsLaunchTests.swift; sourceTree = "<group>"; };
/* End PBXFileReference section */

/* Begin PBXFrameworksBuildPhase section */
		9225CFAB2ADF5F780036B548 /* Frameworks */ = {
			isa = PBXFrameworksBuildPhase;
			buildActionMask = 2147483647;
			files = (
			);
			runOnlyForDeploymentPostprocessing = 0;
		};
		9225CFBB2ADF5F780036B548 /* Frameworks */ = {
			isa = PBXFrameworksBuildPhase;
			buildActionMask = 2147483647;
			files = (
			);
			runOnlyForDeploymentPostprocessing = 0;
		};
		9225CFC52ADF5F780036B548 /* Frameworks */ = {
			isa = PBXFrameworksBuildPhase;
			buildActionMask = 2147483647;
			files = (
			);
			runOnlyForDeploymentPostprocessing = 0;
		};
/* End PBXFrameworksBuildPhase section */

/* Begin PBXGroup section */
		9225CFA52ADF5F770036B548 = {
			isa = PBXGroup;
			children = (
				9225CFB02ADF5F780036B548 /* MotoApp */,
				9225CFC12ADF5F780036B548 /* MotoAppTests */,
				9225CFCB2ADF5F780036B548 /* MotoAppUITests */,
				9225CFAF2ADF5F780036B548 /* Products */,
			);
			sourceTree = "<group>";
		};
		9225CFAF2ADF5F780036B548 /* Products */ = {
			isa = PBXGroup;
			children = (
				9225CFAE2ADF5F780036B548 /* MotoApp.app */,
				9225CFBE2ADF5F780036B548 /* MotoAppTests.xctest */,
				9225CFC82ADF5F780036B548 /* MotoAppUITests.xctest */,
			);
			name = Products;
			sourceTree = "<group>";
		};
		9225CFB02ADF5F780036B548 /* MotoApp */ = {
			isa = PBXGroup;
			children = (
				9225CFB12ADF5F780036B548 /* MotoAppApp.swift */,
				9225CFB32ADF5F780036B548 /* ContentView.swift */,
				9225CFB52ADF5F780036B548 /* Assets.xcassets */,
				9225CFB72ADF5F780036B548 /* Preview Content */,
			);
			path = MotoApp;
			sourceTree = "<group>";
		};
		9225CFB72ADF5F780036B548 /* Preview Content */ = {
			isa = PBXGroup;
			children = (
				9225CFB82ADF5F780036B548 /* Preview Assets.xcassets */,
			);
			path = "Preview Content";
			sourceTree = "<group>";
		};
		9225CFC12ADF5F780036B548 /* MotoAppTests */ = {
			isa = PBXGroup;
			children = (
				9225CFC22ADF5F780036B548 /* MotoAppTests.swift */,
			);
			path = MotoAppTests;
			sourceTree = "<group>";
		};
		9225CFCB2ADF5F780036B548 /* MotoAppUITests */ = {
			isa = PBXGroup;
			children = (
				9225CFCC2ADF5F780036B548 /* MotoAppUITests.swift */,
				9225CFCE2ADF5F780036B548 /* MotoAppUITestsLaunchTests.swift */,
			);
			path = MotoAppUITests;
			sourceTree = "<group>";
		};
/* End PBXGroup section */

/* Begin PBXNativeTarget section */
		9225CFAD2ADF5F780036B548 /* MotoApp */ = {
			isa = PBXNativeTarget;
			buildConfigurationList = 9225CFD22ADF5F780036B548 /* Build configuration list for PBXNativeTarget "MotoApp" */;
			buildPhases = (
				9225CFAA2ADF5F780036B548 /* Sources */,
				9225CFAB2ADF5F780036B548 /* Frameworks */,
				9225CFAC2ADF5F780036B548 /* Resources */,
			);
			buildRules = (
			);
			dependencies = (
			);
			name = MotoApp;
			productName = MotoApp;
			productReference = 9225CFAE2ADF5F780036B548 /* MotoApp.app */;
			productType = "com.apple.product-type.application";
		};
		9225CFBD2ADF5F780036B548 /* MotoAppTests */ = {
			isa = PBXNativeTarget;
			buildConfigurationList = 9225CFD52ADF5F780036B548 /* Build configuration list for PBXNativeTarget "MotoAppTests" */;
			buildPhases = (
				9225CFBA2ADF5F780036B548 /* Sources */,
				9225CFBB2ADF5F780036B548 /* Frameworks */,
				9225CFBC2ADF5F780036B548 /* Resources */,
			);
			buildRules = (
			);
			dependencies = (
				9225CFC02ADF5F780036B548 /* PBXTargetDependency */,
			);
			name = MotoAppTests;
			productName = MotoAppTests;
			productReference = 9225CFBE2ADF5F780036B548 /* MotoAppTests.xctest */;
			productType = "com.apple.product-type.bundle.unit-test";
		};
		9225CFC72ADF5F780036B548 /* MotoAppUITests */ = {
			isa = PBXNativeTarget;
			buildConfigurationList = 9225CFD82ADF5F780036B548 /* Build configuration list for PBXNativeTarget "MotoAppUITests" */;
			buildPhases = (
				9225CFC42ADF5F780036B548 /* Sources */,
				9225CFC52ADF5F780036B548 /* Frameworks */,
				9225CFC62ADF5F780036B548 /* Resources */,
			);
			buildRules = (
			);
			dependencies = (
				9225CFCA2ADF5F780036B548 /* PBXTargetDependency */,
			);
			name = MotoAppUITests;
			productName = MotoAppUITests;
			productReference = 9225CFC82ADF5F780036B548 /* MotoAppUITests.xctest */;
			productType = "com.apple.product-type.bundle.ui-testing";
		};
/* End PBXNativeTarget section */

/* Begin PBXProject section */
		9225CFA62ADF5F770036B548 /* Project object */ = {
			isa = PBXProject;
			attributes = {
				BuildIndependentTargetsInParallel = 1;
				LastSwiftUpdateCheck = 1500;
				LastUpgradeCheck = 1500;
				TargetAttributes = {
					9225CFAD2ADF5F780036B548 = {
						CreatedOnToolsVersion = 15.0;
					};
					9225CFBD2ADF5F780036B548 = {
						CreatedOnToolsVersion = 15.0;
						TestTargetID = 9225CFAD2ADF5F780036B548;
					};
					9225CFC72ADF5F780036B548 = {
						CreatedOnToolsVersion = 15.0;
						TestTargetID = 9225CFAD2ADF5F780036B548;
					};
				};
			};
			buildConfigurationList = 9225CFA92ADF5F780036B548 /* Build configuration list for PBXProject "MotoApp" */;
			compatibilityVersion = "Xcode 14.0";
			developmentRegion = en;
			hasScannedForEncodings = 0;
			knownRegions = (
				en,
				Base,
			);
			mainGroup = 9225CFA52ADF5F770036B548;
			productRefGroup = 9225CFAF2ADF5F780036B548 /* Products */;
			projectDirPath = "";
			projectRoot = "";
			targets = (
				9225CFAD2ADF5F780036B548 /* MotoApp */,
				9225CFBD2ADF5F780036B548 /* MotoAppTests */,
				9225CFC72ADF5F780036B548 /* MotoAppUITests */,
			);
		};
/* End PBXProject section */

/* Begin PBXResourcesBuildPhase section */
		9225CFAC2ADF5F780036B548 /* Resources */ = {
			isa = PBXResourcesBuildPhase;
			buildActionMask = 2147483647;
			files = (
				9225CFB92ADF5F780036B548 /* Preview Assets.xcassets in Resources */,
				9225CFB62ADF5F780036B548 /* Assets.xcassets in Resources */,
			);
			runOnlyForDeploymentPostprocessing = 0;
		};
		9225CFBC2ADF5F780036B548 /* Resources */ = {
			isa = PBXResourcesBuildPhase;
			buildActionMask = 2147483647;
			files = (
			);
			runOnlyForDeploymentPostprocessing = 0;
		};
		9225CFC62ADF5F780036B548 /* Resources */ = {
			isa = PBXResourcesBuildPhase;
			buildActionMask = 2147483647;
			files = (
			);
			runOnlyForDeploymentPostprocessing = 0;
		};
/* End PBXResourcesBuildPhase section */

/* Begin PBXSourcesBuildPhase section */
		9225CFAA2ADF5F780036B548 /* Sources */ = {
			isa = PBXSourcesBuildPhase;
			buildActionMask = 2147483647;
			files = (
				9225CFB42ADF5F780036B548 /* ContentView.swift in Sources */,
				9225CFB22ADF5F780036B548 /* MotoAppApp.swift in Sources */,
			);
			runOnlyForDeploymentPostprocessing = 0;
		};
		9225CFBA2ADF5F780036B548 /* Sources */ = {
			isa = PBXSourcesBuildPhase;
			buildActionMask = 2147483647;
			files = (
				9225CFC32ADF5F780036B548 /* MotoAppTests.swift in Sources */,
			);
			runOnlyForDeploymentPostprocessing = 0;
		};
		9225CFC42ADF5F780036B548 /* Sources */ = {
			isa = PBXSourcesBuildPhase;
			buildActionMask = 2147483647;
			files = (
				9225CFCD2ADF5F780036B548 /* MotoAppUITests.swift in Sources */,
				9225CFCF2ADF5F780036B548 /* MotoAppUITestsLaunchTests.swift in Sources */,
			);
			runOnlyForDeploymentPostprocessing = 0;
		};
/* End PBXSourcesBuildPhase section */

/* Begin PBXTargetDependency section */
		9225CFC02ADF5F780036B548 /* PBXTargetDependency */ = {
			isa = PBXTargetDependency;
			target = 9225CFAD2ADF5F780036B548 /* MotoApp */;
			targetProxy = 9225CFBF2ADF5F780036B548 /* PBXContainerItemProxy */;
		};
		9225CFCA2ADF5F780036B548 /* PBXTargetDependency */ = {
			isa = PBXTargetDependency;
			target = 9225CFAD2ADF5F780036B548 /* MotoApp */;
			targetProxy = 9225CFC92ADF5F780036B548 /* PBXContainerItemProxy */;
		};
/* End PBXTargetDependency section */

/* Begin XCBuildConfiguration section */
		9225CFD02ADF5F780036B548 /* Debug */ = {
			isa = XCBuildConfiguration;
			buildSettings = {
				ALWAYS_SEARCH_USER_PATHS = NO;
				ASSETCATALOG_COMPILER_GENERATE_SWIFT_ASSET_SYMBOL_EXTENSIONS = YES;
				CLANG_ANALYZER_NONNULL = YES;
				CLANG_ANALYZER_NUMBER_OBJECT_CONVERSION = YES_AGGRESSIVE;
				CLANG_CXX_LANGUAGE_STANDARD = "gnu++20";
				CLANG_ENABLE_MODULES = YES;
				CLANG_ENABLE_OBJC_ARC = YES;
				CLANG_ENABLE_OBJC_WEAK = YES;
				CLANG_WARN_BLOCK_CAPTURE_AUTORELEASING = YES;
				CLANG_WARN_BOOL_CONVERSION = YES;
				CLANG_WARN_COMMA = YES;
				CLANG_WARN_CONSTANT_CONVERSION = YES;
				CLANG_WARN_DEPRECATED_OBJC_IMPLEMENTATIONS = YES;
				CLANG_WARN_DIRECT_OBJC_ISA_USAGE = YES_ERROR;
				CLANG_WARN_DOCUMENTATION_COMMENTS = YES;
				CLANG_WARN_EMPTY_BODY = YES;
				CLANG_WARN_ENUM_CONVERSION = YES;
				CLANG_WARN_INFINITE_RECURSION = YES;
				CLANG_WARN_INT_CONVERSION = YES;
				CLANG_WARN_NON_LITERAL_NULL_CONVERSION = YES;
				CLANG_WARN_OBJC_IMPLICIT_RETAIN_SELF = YES;
				CLANG_WARN_OBJC_LITERAL_CONVERSION = YES;
				CLANG_WARN_OBJC_ROOT_CLASS = YES_ERROR;
				CLANG_WARN_QUOTED_INCLUDE_IN_FRAMEWORK_HEADER = YES;
				CLANG_WARN_RANGE_LOOP_ANALYSIS = YES;
				CLANG_WARN_STRICT_PROTOTYPES = YES;
				CLANG_WARN_SUSPICIOUS_MOVE = YES;
				CLANG_WARN_UNGUARDED_AVAILABILITY = YES_AGGRESSIVE;
				CLANG_WARN_UNREACHABLE_CODE = YES;
				CLANG_WARN__DUPLICATE_METHOD_MATCH = YES;
				COPY_PHASE_STRIP = NO;
				DEBUG_INFORMATION_FORMAT = dwarf;
				ENABLE_STRICT_OBJC_MSGSEND = YES;
				ENABLE_TESTABILITY = YES;
				ENABLE_USER_SCRIPT_SANDBOXING = YES;
				GCC_C_LANGUAGE_STANDARD = gnu17;
				GCC_DYNAMIC_NO_PIC = NO;
				GCC_NO_COMMON_BLOCKS = YES;
				GCC_OPTIMIZATION_LEVEL = 0;
				GCC_PREPROCESSOR_DEFINITIONS = (
					"DEBUG=1",
					"$(inherited)",
				);
				GCC_WARN_64_TO_32_BIT_CONVERSION = YES;
				GCC_WARN_ABOUT_RETURN_TYPE = YES_ERROR;
				GCC_WARN_UNDECLARED_SELECTOR = YES;
				GCC_WARN_UNINITIALIZED_AUTOS = YES_AGGRESSIVE;
				GCC_WARN_UNUSED_FUNCTION = YES;
				GCC_WARN_UNUSED_VARIABLE = YES;
				IPHONEOS_DEPLOYMENT_TARGET = 17.0;
				LOCALIZATION_PREFERS_STRING_CATALOGS = YES;
				MTL_ENABLE_DEBUG_INFO = INCLUDE_SOURCE;
				MTL_FAST_MATH = YES;
				ONLY_ACTIVE_ARCH = YES;
				SDKROOT = iphoneos;
				SWIFT_ACTIVE_COMPILATION_CONDITIONS = "DEBUG $(inherited)";
				SWIFT_OPTIMIZATION_LEVEL = "-Onone";
			};
			name = Debug;
		};
		9225CFD12ADF5F780036B548 /* Release */ = {
			isa = XCBuildConfiguration;
			buildSettings = {
				ALWAYS_SEARCH_USER_PATHS = NO;
				ASSETCATALOG_COMPILER_GENERATE_SWIFT_ASSET_SYMBOL_EXTENSIONS = YES;
				CLANG_ANALYZER_NONNULL = YES;
				CLANG_ANALYZER_NUMBER_OBJECT_CONVERSION = YES_AGGRESSIVE;
				CLANG_CXX_LANGUAGE_STANDARD = "gnu++20";
				CLANG_ENABLE_MODULES = YES;
				CLANG_ENABLE_OBJC_ARC = YES;
				CLANG_ENABLE_OBJC_WEAK = YES;
				CLANG_WARN_BLOCK_CAPTURE_AUTORELEASING = YES;
				CLANG_WARN_BOOL_CONVERSION = YES;
				CLANG_WARN_COMMA = YES;
				CLANG_WARN_CONSTANT_CONVERSION = YES;
				CLANG_WARN_DEPRECATED_OBJC_IMPLEMENTATIONS = YES;
				CLANG_WARN_DIRECT_OBJC_ISA_USAGE = YES_ERROR;
				CLANG_WARN_DOCUMENTATION_COMMENTS = YES;
				CLANG_WARN_EMPTY_BODY = YES;
				CLANG_WARN_ENUM_CONVERSION = YES;
				CLANG_WARN_INFINITE_RECURSION = YES;
				CLANG_WARN_INT_CONVERSION = YES;
				CLANG_WARN_NON_LITERAL_NULL_CONVERSION = YES;
				CLANG_WARN_OBJC_IMPLICIT_RETAIN_SELF = YES;
				CLANG_WARN_OBJC_LITERAL_CONVERSION = YES;
				CLANG_WARN_OBJC_ROOT_CLASS = YES_ERROR;
				CLANG_WARN_QUOTED_INCLUDE_IN_FRAMEWORK_HEADER = YES;
				CLANG_WARN_RANGE_LOOP_ANALYSIS = YES;
				CLANG_WARN_STRICT_PROTOTYPES = YES;
				CLANG_WARN_SUSPICIOUS_MOVE = YES;
				CLANG_WARN_UNGUARDED_AVAILABILITY = YES_AGGRESSIVE;
				CLANG_WARN_UNREACHABLE_CODE = YES;
				CLANG_WARN__DUPLICATE_METHOD_MATCH = YES;
				COPY_PHASE_STRIP = NO;
				DEBUG_INFORMATION_FORMAT = "dwarf-with-dsym";
				ENABLE_NS_ASSERTIONS = NO;
				ENABLE_STRICT_OBJC_MSGSEND = YES;
				ENABLE_USER_SCRIPT_SANDBOXING = YES;
				GCC_C_LANGUAGE_STANDARD = gnu17;
				GCC_NO_COMMON_BLOCKS = YES;
				GCC_WARN_64_TO_32_BIT_CONVERSION = YES;
				GCC_WARN_ABOUT_RETURN_TYPE = YES_ERROR;
				GCC_WARN_UNDECLARED_SELECTOR = YES;
				GCC_WARN_UNINITIALIZED_AUTOS = YES_AGGRESSIVE;
				GCC_WARN_UNUSED_FUNCTION = YES;
				GCC_WARN_UNUSED_VARIABLE = YES;
				IPHONEOS_DEPLOYMENT_TARGET = 17.0;
				LOCALIZATION_PREFERS_STRING_CATALOGS = YES;
				MTL_ENABLE_DEBUG_INFO = NO;
				MTL_FAST_MATH = YES;
				SDKROOT = iphoneos;
				SWIFT_COMPILATION_MODE = wholemodule;
				VALIDATE_PRODUCT = YES;
			};
			name = Release;
		};
		9225CFD32ADF5F780036B548 /* Debug */ = {
			isa = XCBuildConfiguration;
			buildSettings = {
				ASSETCATALOG_COMPILER_APPICON_NAME = AppIcon;
				ASSETCATALOG_COMPILER_GLOBAL_ACCENT_COLOR_NAME = AccentColor;
				CODE_SIGN_STYLE = Automatic;
				CURRENT_PROJECT_VERSION = 1;
				DEVELOPMENT_ASSET_PATHS = "\"MotoApp/Preview Content\"";
				DEVELOPMENT_TEAM = 66BLLM3ERE;
				ENABLE_PREVIEWS = YES;
				GENERATE_INFOPLIST_FILE = YES;
				INFOPLIST_KEY_NSAppleMusicUsageDescription = "Used to play music in app";
				INFOPLIST_KEY_NSLocationAlwaysAndWhenInUseUsageDescription = "Used to help with navigation";
				INFOPLIST_KEY_UIApplicationSceneManifest_Generation = YES;
				INFOPLIST_KEY_UIApplicationSupportsIndirectInputEvents = YES;
				INFOPLIST_KEY_UILaunchScreen_Generation = YES;
				INFOPLIST_KEY_UISupportedInterfaceOrientations = "UIInterfaceOrientationLandscapeLeft UIInterfaceOrientationLandscapeRight";
				INFOPLIST_KEY_UISupportedInterfaceOrientations_iPad = "UIInterfaceOrientationLandscapeLeft UIInterfaceOrientationLandscapeRight UIInterfaceOrientationPortrait UIInterfaceOrientationPortraitUpsideDown";
				LD_RUNPATH_SEARCH_PATHS = (
					"$(inherited)",
					"@executable_path/Frameworks",
				);
				MARKETING_VERSION = 1.0;
				PRODUCT_BUNDLE_IDENTIFIER = bollineni.MotoApp;
				PRODUCT_NAME = "$(TARGET_NAME)";
				SWIFT_EMIT_LOC_STRINGS = YES;
				SWIFT_VERSION = 5.0;
				TARGETED_DEVICE_FAMILY = "1,2";
			};
			name = Debug;
		};
		9225CFD42ADF5F780036B548 /* Release */ = {
			isa = XCBuildConfiguration;
			buildSettings = {
				ASSETCATALOG_COMPILER_APPICON_NAME = AppIcon;
				ASSETCATALOG_COMPILER_GLOBAL_ACCENT_COLOR_NAME = AccentColor;
				CODE_SIGN_STYLE = Automatic;
				CURRENT_PROJECT_VERSION = 1;
				DEVELOPMENT_ASSET_PATHS = "\"MotoApp/Preview Content\"";
				DEVELOPMENT_TEAM = 66BLLM3ERE;
				ENABLE_PREVIEWS = YES;
				GENERATE_INFOPLIST_FILE = YES;
				INFOPLIST_KEY_NSAppleMusicUsageDescription = "Used to play music in app";
				INFOPLIST_KEY_NSLocationAlwaysAndWhenInUseUsageDescription = "Used to help with navigation";
				INFOPLIST_KEY_UIApplicationSceneManifest_Generation = YES;
				INFOPLIST_KEY_UIApplicationSupportsIndirectInputEvents = YES;
				INFOPLIST_KEY_UILaunchScreen_Generation = YES;
				INFOPLIST_KEY_UISupportedInterfaceOrientations = "UIInterfaceOrientationLandscapeLeft UIInterfaceOrientationLandscapeRight";
				INFOPLIST_KEY_UISupportedInterfaceOrientations_iPad = "UIInterfaceOrientationLandscapeLeft UIInterfaceOrientationLandscapeRight UIInterfaceOrientationPortrait UIInterfaceOrientationPortraitUpsideDown";
				LD_RUNPATH_SEARCH_PATHS = (
					"$(inherited)",
					"@executable_path/Frameworks",
				);
				MARKETING_VERSION = 1.0;
				PRODUCT_BUNDLE_IDENTIFIER = bollineni.MotoApp;
				PRODUCT_NAME = "$(TARGET_NAME)";
				SWIFT_EMIT_LOC_STRINGS = YES;
				SWIFT_VERSION = 5.0;
				TARGETED_DEVICE_FAMILY = "1,2";
			};
			name = Release;
		};
		9225CFD62ADF5F780036B548 /* Debug */ = {
			isa = XCBuildConfiguration;
			buildSettings = {
				ALWAYS_EMBED_SWIFT_STANDARD_LIBRARIES = YES;
				BUNDLE_LOADER = "$(TEST_HOST)";
				CODE_SIGN_STYLE = Automatic;
				CURRENT_PROJECT_VERSION = 1;
				DEVELOPMENT_TEAM = 66BLLM3ERE;
				GENERATE_INFOPLIST_FILE = YES;
				IPHONEOS_DEPLOYMENT_TARGET = 17.0;
				MARKETING_VERSION = 1.0;
				PRODUCT_BUNDLE_IDENTIFIER = bollineni.MotoAppTests;
				PRODUCT_NAME = "$(TARGET_NAME)";
				SWIFT_EMIT_LOC_STRINGS = NO;
				SWIFT_VERSION = 5.0;
				TARGETED_DEVICE_FAMILY = "1,2";
				TEST_HOST = "$(BUILT_PRODUCTS_DIR)/MotoApp.app/$(BUNDLE_EXECUTABLE_FOLDER_PATH)/MotoApp";
			};
			name = Debug;
		};
		9225CFD72ADF5F780036B548 /* Release */ = {
			isa = XCBuildConfiguration;
			buildSettings = {
				ALWAYS_EMBED_SWIFT_STANDARD_LIBRARIES = YES;
				BUNDLE_LOADER = "$(TEST_HOST)";
				CODE_SIGN_STYLE = Automatic;
				CURRENT_PROJECT_VERSION = 1;
				DEVELOPMENT_TEAM = 66BLLM3ERE;
				GENERATE_INFOPLIST_FILE = YES;
				IPHONEOS_DEPLOYMENT_TARGET = 17.0;
				MARKETING_VERSION = 1.0;
				PRODUCT_BUNDLE_IDENTIFIER = bollineni.MotoAppTests;
				PRODUCT_NAME = "$(TARGET_NAME)";
				SWIFT_EMIT_LOC_STRINGS = NO;
				SWIFT_VERSION = 5.0;
				TARGETED_DEVICE_FAMILY = "1,2";
				TEST_HOST = "$(BUILT_PRODUCTS_DIR)/MotoApp.app/$(BUNDLE_EXECUTABLE_FOLDER_PATH)/MotoApp";
			};
			name = Release;
		};
		9225CFD92ADF5F780036B548 /* Debug */ = {
			isa = XCBuildConfiguration;
			buildSettings = {
				ALWAYS_EMBED_SWIFT_STANDARD_LIBRARIES = YES;
				CODE_SIGN_STYLE = Automatic;
				CURRENT_PROJECT_VERSION = 1;
				DEVELOPMENT_TEAM = 66BLLM3ERE;
				GENERATE_INFOPLIST_FILE = YES;
				MARKETING_VERSION = 1.0;
				PRODUCT_BUNDLE_IDENTIFIER = bollineni.MotoAppUITests;
				PRODUCT_NAME = "$(TARGET_NAME)";
				SWIFT_EMIT_LOC_STRINGS = NO;
				SWIFT_VERSION = 5.0;
				TARGETED_DEVICE_FAMILY = "1,2";
				TEST_TARGET_NAME = MotoApp;
			};
			name = Debug;
		};
		9225CFDA2ADF5F780036B548 /* Release */ = {
			isa = XCBuildConfiguration;
			buildSettings = {
				ALWAYS_EMBED_SWIFT_STANDARD_LIBRARIES = YES;
				CODE_SIGN_STYLE = Automatic;
				CURRENT_PROJECT_VERSION = 1;
				DEVELOPMENT_TEAM = 66BLLM3ERE;
				GENERATE_INFOPLIST_FILE = YES;
				MARKETING_VERSION = 1.0;
				PRODUCT_BUNDLE_IDENTIFIER = bollineni.MotoAppUITests;
				PRODUCT_NAME = "$(TARGET_NAME)";
				SWIFT_EMIT_LOC_STRINGS = NO;
				SWIFT_VERSION = 5.0;
				TARGETED_DEVICE_FAMILY = "1,2";
				TEST_TARGET_NAME = MotoApp;
			};
			name = Release;
		};
/* End XCBuildConfiguration section */

/* Begin XCConfigurationList section */
		9225CFA92ADF5F780036B548 /* Build configuration list for PBXProject "MotoApp" */ = {
			isa = XCConfigurationList;
			buildConfigurations = (
				9225CFD02ADF5F780036B548 /* Debug */,
				9225CFD12ADF5F780036B548 /* Release */,
			);
			defaultConfigurationIsVisible = 0;
			defaultConfigurationName = Release;
		};
		9225CFD22ADF5F780036B548 /* Build configuration list for PBXNativeTarget "MotoApp" */ = {
			isa = XCConfigurationList;
			buildConfigurations = (
				9225CFD32ADF5F780036B548 /* Debug */,
				9225CFD42ADF5F780036B548 /* Release */,
			);
			defaultConfigurationIsVisible = 0;
			defaultConfigurationName = Release;
		};
		9225CFD52ADF5F780036B548 /* Build configuration list for PBXNativeTarget "MotoAppTests" */ = {
			isa = XCConfigurationList;
			buildConfigurations = (
				9225CFD62ADF5F780036B548 /* Debug */,
				9225CFD72ADF5F780036B548 /* Release */,
			);
			defaultConfigurationIsVisible = 0;
			defaultConfigurationName = Release;
		};
		9225CFD82ADF5F780036B548 /* Build configuration list for PBXNativeTarget "MotoAppUITests" */ = {
			isa = XCConfigurationList;
			buildConfigurations = (
				9225CFD92ADF5F780036B548 /* Debug */,
				9225CFDA2ADF5F780036B548 /* Release */,
			);
			defaultConfigurationIsVisible = 0;
			defaultConfigurationName = Release;
		};
/* End XCConfigurationList section */
	};
	rootObject = 9225CFA62ADF5F770036B548 /* Project object */;
}
